
Microsoft Visual Studio Solution File, Format Version 12.00
Project("{FAE04EC0-301F-11D3-BF4B-00C04F79EFBC}") = "CS2Draw", "CS2Draw\CS2Draw.csproj", "{5FF4D472-3C74-4B0A-94A2-57E614C132ED}"
EndProject
Project("{FAE04EC0-301F-11D3-BF4B-00C04F79EFBC}") = "CS2Draw.Shared", "CS2Draw.Shared\CS2Draw.Shared.csproj", "{EE1024B4-8C78-4583-B33D-EC6CBD6EC307}"
EndProject
Project("{FAE04EC0-301F-11D3-BF4B-00C04F79EFBC}") = "CS2Draw.Examples", "CS2Draw.Examples\CS2Draw.Examples.csproj", "{CC3AF36F-1C61-42B9-ADF2-38A9F0672BF5}"
EndProject
Global
	GlobalSection(SolutionConfigurationPlatforms) = preSolution
		Debug|Any CPU = Debug|Any CPU
		Release|Any CPU = Release|Any CPU
	EndGlobalSection
	GlobalSection(ProjectConfigurationPlatforms) = postSolution
		{5FF4D472-3C74-4B0A-94A2-57E614C132ED}.Debug|Any CPU.ActiveCfg = Debug|Any CPU
		{5FF4D472-3C74-4B0A-94A2-57E614C132ED}.Debug|Any CPU.Build.0 = Debug|Any CPU
		{5FF4D472-3C74-4B0A-94A2-57E614C132ED}.Release|Any CPU.ActiveCfg = Release|Any CPU
		{5FF4D472-3C74-4B0A-94A2-57E614C132ED}.Release|Any CPU.Build.0 = Release|Any CPU
		{EE1024B4-8C78-4583-B33D-EC6CBD6EC307}.Debug|Any CPU.ActiveCfg = Debug|Any CPU
		{EE1024B4-8C78-4583-B33D-EC6CBD6EC307}.Debug|Any CPU.Build.0 = Debug|Any CPU
		{EE1024B4-8C78-4583-B33D-EC6CBD6EC307}.Release|Any CPU.ActiveCfg = Release|Any CPU
		{EE1024B4-8C78-4583-B33D-EC6CBD6EC307}.Release|Any CPU.Build.0 = Release|Any CPU
		{CC3AF36F-1C61-42B9-ADF2-38A9F0672BF5}.Debug|Any CPU.ActiveCfg = Debug|Any CPU
		{CC3AF36F-1C61-42B9-ADF2-38A9F0672BF5}.Debug|Any CPU.Build.0 = Debug|Any CPU
		{CC3AF36F-1C61-42B9-ADF2-38A9F0672BF5}.Release|Any CPU.ActiveCfg = Release|Any CPU
		{CC3AF36F-1C61-42B9-ADF2-38A9F0672BF5}.Release|Any CPU.Build.0 = Release|Any CPU
	EndGlobalSection
EndGlobal
